
Microsoft Visual Studio Solution File, Format Version 12.00
# Visual Studio Version 18
VisualStudioVersion = 18.0.11123.170
MinimumVisualStudioVersion = 10.0.40219.1
Project("{FAE04EC0-301F-11D3-BF4B-00C04F79EFBC}") = "FastMenu.Application", "FastMenu.Application\FastMenu.Application.csproj", "{BB0E0F8C-D992-4F0B-87C1-E47843FA9376}"
EndProject
Project("{FAE04EC0-301F-11D3-BF4B-00C04F79EFBC}") = "FastMenu.CrossCutting", "FastMenu.CrossCutting\FastMenu.CrossCutting.csproj", "{CDE66375-BFB2-4EEC-B021-2AD90C823256}"
EndProject
Project("{FAE04EC0-301F-11D3-BF4B-00C04F79EFBC}") = "FastMenu.Domain", "FastMenu.Domain\FastMenu.Domain.csproj", "{BE9BFC59-B240-4030-9D6E-9A4F5D344658}"
EndProject
Project("{FAE04EC0-301F-11D3-BF4B-00C04F79EFBC}") = "FastMenu.Infrastructure", "FastMenu.Infrastructure\FastMenu.Infrastructure.csproj", "{19620BFC-50A5-4C66-A49F-8A305535DE09}"
EndProject
Project("{2150E333-8FDC-42A3-9474-1A3956D46DE8}") = "Adapters", "Adapters", "{02EA681E-C7D8-13C7-8484-4AC65E1B71E8}"
EndProject
Project("{2150E333-8FDC-42A3-9474-1A3956D46DE8}") = "Ports", "Ports", "{369CB01D-A1A7-72D2-AABC-3F0945D148A2}"
EndProject
Project("{2150E333-8FDC-42A3-9474-1A3956D46DE8}") = "Core", "Core", "{7DC331D0-3EC4-40A6-69FB-1CBEB2E0D1EA}"
EndProject
Project("{2150E333-8FDC-42A3-9474-1A3956D46DE8}") = "IoC", "IoC", "{643747C7-0307-8931-84D8-A7D1915E22E5}"
EndProject
Project("{2150E333-8FDC-42A3-9474-1A3956D46DE8}") = "Input", "Input", "{2FB6A576-1609-4776-92C7-7885D56B3D13}"
EndProject
Project("{2150E333-8FDC-42A3-9474-1A3956D46DE8}") = "Output", "Output", "{0880F112-9F93-435E-99C5-B4EC05ED9897}"
EndProject
Project("{FAE04EC0-301F-11D3-BF4B-00C04F79EFBC}") = "FastMenu.WebApi", "FastMenu.WebApi\FastMenu.WebApi.csproj", "{EE698495-627C-4179-986B-4140DF29EB85}"
EndProject
Project("{FAE04EC0-301F-11D3-BF4B-00C04F79EFBC}") = "UnitTests", "..\tests\UnitTests\UnitTests.csproj", "{832774E6-C155-4EC7-845B-F6CEB8548E7A}"
EndProject
Project("{2150E333-8FDC-42A3-9474-1A3956D46DE8}") = "Tests", "Tests", "{2074F1B8-65E6-4C31-8D58-5491EA3858DE}"
EndProject
Global
	GlobalSection(SolutionConfigurationPlatforms) = preSolution
		Debug|Any CPU = Debug|Any CPU
		Debug|x64 = Debug|x64
		Debug|x86 = Debug|x86
		Release|Any CPU = Release|Any CPU
		Release|x64 = Release|x64
		Release|x86 = Release|x86
	EndGlobalSection
	GlobalSection(ProjectConfigurationPlatforms) = postSolution
		{BB0E0F8C-D992-4F0B-87C1-E47843FA9376}.Debug|Any CPU.ActiveCfg = Debug|Any CPU
		{BB0E0F8C-D992-4F0B-87C1-E47843FA9376}.Debug|Any CPU.Build.0 = Debug|Any CPU
		{BB0E0F8C-D992-4F0B-87C1-E47843FA9376}.Debug|x64.ActiveCfg = Debug|Any CPU
		{BB0E0F8C-D992-4F0B-87C1-E47843FA9376}.Debug|x64.Build.0 = Debug|Any CPU
		{BB0E0F8C-D992-4F0B-87C1-E47843FA9376}.Debug|x86.ActiveCfg = Debug|Any CPU
		{BB0E0F8C-D992-4F0B-87C1-E47843FA9376}.Debug|x86.Build.0 = Debug|Any CPU
		{BB0E0F8C-D992-4F0B-87C1-E47843FA9376}.Release|Any CPU.ActiveCfg = Release|Any CPU
		{BB0E0F8C-D992-4F0B-87C1-E47843FA9376}.Release|Any CPU.Build.0 = Release|Any CPU
		{BB0E0F8C-D992-4F0B-87C1-E47843FA9376}.Release|x64.ActiveCfg = Release|Any CPU
		{BB0E0F8C-D992-4F0B-87C1-E47843FA9376}.Release|x64.Build.0 = Release|Any CPU
		{BB0E0F8C-D992-4F0B-87C1-E47843FA9376}.Release|x86.ActiveCfg = Release|Any CPU
		{BB0E0F8C-D992-4F0B-87C1-E47843FA9376}.Release|x86.Build.0 = Release|Any CPU
		{CDE66375-BFB2-4EEC-B021-2AD90C823256}.Debug|Any CPU.ActiveCfg = Debug|Any CPU
		{CDE66375-BFB2-4EEC-B021-2AD90C823256}.Debug|Any CPU.Build.0 = Debug|Any CPU
		{CDE66375-BFB2-4EEC-B021-2AD90C823256}.Debug|x64.ActiveCfg = Debug|Any CPU
		{CDE66375-BFB2-4EEC-B021-2AD90C823256}.Debug|x64.Build.0 = Debug|Any CPU
		{CDE66375-BFB2-4EEC-B021-2AD90C823256}.Debug|x86.ActiveCfg = Debug|Any CPU
		{CDE66375-BFB2-4EEC-B021-2AD90C823256}.Debug|x86.Build.0 = Debug|Any CPU
		{CDE66375-BFB2-4EEC-B021-2AD90C823256}.Release|Any CPU.ActiveCfg = Release|Any CPU
		{CDE66375-BFB2-4EEC-B021-2AD90C823256}.Release|Any CPU.Build.0 = Release|Any CPU
		{CDE66375-BFB2-4EEC-B021-2AD90C823256}.Release|x64.ActiveCfg = Release|Any CPU
		{CDE66375-BFB2-4EEC-B021-2AD90C823256}.Release|x64.Build.0 = Release|Any CPU
		{CDE66375-BFB2-4EEC-B021-2AD90C823256}.Release|x86.ActiveCfg = Release|Any CPU
		{CDE66375-BFB2-4EEC-B021-2AD90C823256}.Release|x86.Build.0 = Release|Any CPU
		{BE9BFC59-B240-4030-9D6E-9A4F5D344658}.Debug|Any CPU.ActiveCfg = Debug|Any CPU
		{BE9BFC59-B240-4030-9D6E-9A4F5D344658}.Debug|Any CPU.Build.0 = Debug|Any CPU
		{BE9BFC59-B240-4030-9D6E-9A4F5D344658}.Debug|x64.ActiveCfg = Debug|Any CPU
		{BE9BFC59-B240-4030-9D6E-9A4F5D344658}.Debug|x64.Build.0 = Debug|Any CPU
		{BE9BFC59-B240-4030-9D6E-9A4F5D344658}.Debug|x86.ActiveCfg = Debug|Any CPU
		{BE9BFC59-B240-4030-9D6E-9A4F5D344658}.Debug|x86.Build.0 = Debug|Any CPU
		{BE9BFC59-B240-4030-9D6E-9A4F5D344658}.Release|Any CPU.ActiveCfg = Release|Any CPU
		{BE9BFC59-B240-4030-9D6E-9A4F5D344658}.Release|Any CPU.Build.0 = Release|Any CPU
		{BE9BFC59-B240-4030-9D6E-9A4F5D344658}.Release|x64.ActiveCfg = Release|Any CPU
		{BE9BFC59-B240-4030-9D6E-9A4F5D344658}.Release|x64.Build.0 = Release|Any CPU
		{BE9BFC59-B240-4030-9D6E-9A4F5D344658}.Release|x86.ActiveCfg = Release|Any CPU
		{BE9BFC59-B240-4030-9D6E-9A4F5D344658}.Release|x86.Build.0 = Release|Any CPU
		{19620BFC-50A5-4C66-A49F-8A305535DE09}.Debug|Any CPU.ActiveCfg = Debug|Any CPU
		{19620BFC-50A5-4C66-A49F-8A305535DE09}.Debug|Any CPU.Build.0 = Debug|Any CPU
		{19620BFC-50A5-4C66-A49F-8A305535DE09}.Debug|x64.ActiveCfg = Debug|Any CPU
		{19620BFC-50A5-4C66-A49F-8A305535DE09}.Debug|x64.Build.0 = Debug|Any CPU
		{19620BFC-50A5-4C66-A49F-8A305535DE09}.Debug|x86.ActiveCfg = Debug|Any CPU
		{19620BFC-50A5-4C66-A49F-8A305535DE09}.Debug|x86.Build.0 = Debug|Any CPU
		{19620BFC-50A5-4C66-A49F-8A305535DE09}.Release|Any CPU.ActiveCfg = Release|Any CPU
		{19620BFC-50A5-4C66-A49F-8A305535DE09}.Release|Any CPU.Build.0 = Release|Any CPU
		{19620BFC-50A5-4C66-A49F-8A305535DE09}.Release|x64.ActiveCfg = Release|Any CPU
		{19620BFC-50A5-4C66-A49F-8A305535DE09}.Release|x64.Build.0 = Release|Any CPU
		{19620BFC-50A5-4C66-A49F-8A305535DE09}.Release|x86.ActiveCfg = Release|Any CPU
		{19620BFC-50A5-4C66-A49F-8A305535DE09}.Release|x86.Build.0 = Release|Any CPU
		{EE698495-627C-4179-986B-4140DF29EB85}.Debug|Any CPU.ActiveCfg = Debug|Any CPU
		{EE698495-627C-4179-986B-4140DF29EB85}.Debug|Any CPU.Build.0 = Debug|Any CPU
		{EE698495-627C-4179-986B-4140DF29EB85}.Debug|x64.ActiveCfg = Debug|Any CPU
		{EE698495-627C-4179-986B-4140DF29EB85}.Debug|x64.Build.0 = Debug|Any CPU
		{EE698495-627C-4179-986B-4140DF29EB85}.Debug|x86.ActiveCfg = Debug|Any CPU
		{EE698495-627C-4179-986B-4140DF29EB85}.Debug|x86.Build.0 = Debug|Any CPU
		{EE698495-627C-4179-986B-4140DF29EB85}.Release|Any CPU.ActiveCfg = Release|Any CPU
		{EE698495-627C-4179-986B-4140DF29EB85}.Release|Any CPU.Build.0 = Release|Any CPU
		{EE698495-627C-4179-986B-4140DF29EB85}.Release|x64.ActiveCfg = Release|Any CPU
		{EE698495-627C-4179-986B-4140DF29EB85}.Release|x64.Build.0 = Release|Any CPU
		{EE698495-627C-4179-986B-4140DF29EB85}.Release|x86.ActiveCfg = Release|Any CPU
		{EE698495-627C-4179-986B-4140DF29EB85}.Release|x86.Build.0 = Release|Any CPU
		{832774E6-C155-4EC7-845B-F6CEB8548E7A}.Debug|Any CPU.ActiveCfg = Debug|Any CPU
		{832774E6-C155-4EC7-845B-F6CEB8548E7A}.Debug|Any CPU.Build.0 = Debug|Any CPU
		{832774E6-C155-4EC7-845B-F6CEB8548E7A}.Debug|x64.ActiveCfg = Debug|Any CPU
		{832774E6-C155-4EC7-845B-F6CEB8548E7A}.Debug|x64.Build.0 = Debug|Any CPU
		{832774E6-C155-4EC7-845B-F6CEB8548E7A}.Debug|x86.ActiveCfg = Debug|Any CPU
		{832774E6-C155-4EC7-845B-F6CEB8548E7A}.Debug|x86.Build.0 = Debug|Any CPU
		{832774E6-C155-4EC7-845B-F6CEB8548E7A}.Release|Any CPU.ActiveCfg = Release|Any CPU
		{832774E6-C155-4EC7-845B-F6CEB8548E7A}.Release|Any CPU.Build.0 = Release|Any CPU
		{832774E6-C155-4EC7-845B-F6CEB8548E7A}.Release|x64.ActiveCfg = Release|Any CPU
		{832774E6-C155-4EC7-845B-F6CEB8548E7A}.Release|x64.Build.0 = Release|Any CPU
		{832774E6-C155-4EC7-845B-F6CEB8548E7A}.Release|x86.ActiveCfg = Release|Any CPU
		{832774E6-C155-4EC7-845B-F6CEB8548E7A}.Release|x86.Build.0 = Release|Any CPU
	EndGlobalSection
	GlobalSection(SolutionProperties) = preSolution
		HideSolutionNode = FALSE
	EndGlobalSection
	GlobalSection(NestedProjects) = preSolution
		{BB0E0F8C-D992-4F0B-87C1-E47843FA9376} = {369CB01D-A1A7-72D2-AABC-3F0945D148A2}
		{CDE66375-BFB2-4EEC-B021-2AD90C823256} = {643747C7-0307-8931-84D8-A7D1915E22E5}
		{BE9BFC59-B240-4030-9D6E-9A4F5D344658} = {7DC331D0-3EC4-40A6-69FB-1CBEB2E0D1EA}
		{19620BFC-50A5-4C66-A49F-8A305535DE09} = {0880F112-9F93-435E-99C5-B4EC05ED9897}
		{2FB6A576-1609-4776-92C7-7885D56B3D13} = {02EA681E-C7D8-13C7-8484-4AC65E1B71E8}
		{0880F112-9F93-435E-99C5-B4EC05ED9897} = {02EA681E-C7D8-13C7-8484-4AC65E1B71E8}
		{EE698495-627C-4179-986B-4140DF29EB85} = {2FB6A576-1609-4776-92C7-7885D56B3D13}
		{832774E6-C155-4EC7-845B-F6CEB8548E7A} = {2074F1B8-65E6-4C31-8D58-5491EA3858DE}
	EndGlobalSection
	GlobalSection(ExtensibilityGlobals) = postSolution
		SolutionGuid = {7BBAB554-BA4E-4148-A9C6-367442988338}
	EndGlobalSection
EndGlobal
