
Microsoft Visual Studio Solution File, Format Version 12.00
# Visual Studio Version 18
VisualStudioVersion = 18.0.11123.170
MinimumVisualStudioVersion = 10.0.40219.1
Project("{FAE04EC0-301F-11D3-BF4B-00C04F79EFBC}") = "UnitTests", "..\tests\UnitTests\UnitTests.csproj", "{832774E6-C155-4EC7-845B-F6CEB8548E7A}"
EndProject
Project("{2150E333-8FDC-42A3-9474-1A3956D46DE8}") = "Tests", "Tests", "{2074F1B8-65E6-4C31-8D58-5491EA3858DE}"
EndProject
Project("{FAE04EC0-301F-11D3-BF4B-00C04F79EFBC}") = "FoodManager.Application", "FoodManager.Application\FoodManager.Application.csproj", "{8C42B709-B3D1-4C68-A6D0-4A6F5FFBDE2C}"
EndProject
Project("{FAE04EC0-301F-11D3-BF4B-00C04F79EFBC}") = "FoodManager.CrossCutting", "FoodManager.CrossCutting\FoodManager.CrossCutting.csproj", "{662F65E4-66F0-43E5-A932-6305953EA484}"
EndProject
Project("{FAE04EC0-301F-11D3-BF4B-00C04F79EFBC}") = "FoodManager.Domain", "FoodManager.Domain\FoodManager.Domain.csproj", "{B198FAE2-4A92-405E-A108-A22DB4631B24}"
EndProject
Project("{FAE04EC0-301F-11D3-BF4B-00C04F79EFBC}") = "FoodManager.Infrastructure", "FoodManager.Infrastructure\FoodManager.Infrastructure.csproj", "{B3D2EFE7-6759-4CCB-B696-6DC6238191A6}"
EndProject
Project("{FAE04EC0-301F-11D3-BF4B-00C04F79EFBC}") = "FoodManager.WebApi", "FoodManager.WebApi\FoodManager.WebApi.csproj", "{4C80AF3A-7335-42CE-AE60-E53DB98E3867}"
EndProject
Project("{2150E333-8FDC-42A3-9474-1A3956D46DE8}") = "Core", "Core", "{78098EC1-AC94-4CFC-BCF2-9EC08A5E5F4B}"
EndProject
Project("{2150E333-8FDC-42A3-9474-1A3956D46DE8}") = "Ports", "Ports", "{5463A79E-9D1A-4562-B4BA-42C4B24C528D}"
EndProject
Project("{2150E333-8FDC-42A3-9474-1A3956D46DE8}") = "IoC", "IoC", "{A802B264-8576-4D27-A3C5-A59969B293B8}"
EndProject
Project("{2150E333-8FDC-42A3-9474-1A3956D46DE8}") = "Adapters", "Adapters", "{52FB9312-08A7-4CE8-835B-187A09A68B3C}"
EndProject
Project("{2150E333-8FDC-42A3-9474-1A3956D46DE8}") = "Input", "Input", "{6851038A-D7D8-403C-93EB-A5381ABF0A05}"
EndProject
Project("{2150E333-8FDC-42A3-9474-1A3956D46DE8}") = "Output", "Output", "{D28EC95A-EAE6-438F-B236-FE15EE5FBE15}"
EndProject
Global
	GlobalSection(SolutionConfigurationPlatforms) = preSolution
		Debug|Any CPU = Debug|Any CPU
		Debug|x64 = Debug|x64
		Debug|x86 = Debug|x86
		Release|Any CPU = Release|Any CPU
		Release|x64 = Release|x64
		Release|x86 = Release|x86
	EndGlobalSection
	GlobalSection(ProjectConfigurationPlatforms) = postSolution
		{832774E6-C155-4EC7-845B-F6CEB8548E7A}.Debug|Any CPU.ActiveCfg = Debug|Any CPU
		{832774E6-C155-4EC7-845B-F6CEB8548E7A}.Debug|Any CPU.Build.0 = Debug|Any CPU
		{832774E6-C155-4EC7-845B-F6CEB8548E7A}.Debug|x64.ActiveCfg = Debug|Any CPU
		{832774E6-C155-4EC7-845B-F6CEB8548E7A}.Debug|x64.Build.0 = Debug|Any CPU
		{832774E6-C155-4EC7-845B-F6CEB8548E7A}.Debug|x86.ActiveCfg = Debug|Any CPU
		{832774E6-C155-4EC7-845B-F6CEB8548E7A}.Debug|x86.Build.0 = Debug|Any CPU
		{832774E6-C155-4EC7-845B-F6CEB8548E7A}.Release|Any CPU.ActiveCfg = Release|Any CPU
		{832774E6-C155-4EC7-845B-F6CEB8548E7A}.Release|Any CPU.Build.0 = Release|Any CPU
		{832774E6-C155-4EC7-845B-F6CEB8548E7A}.Release|x64.ActiveCfg = Release|Any CPU
		{832774E6-C155-4EC7-845B-F6CEB8548E7A}.Release|x64.Build.0 = Release|Any CPU
		{832774E6-C155-4EC7-845B-F6CEB8548E7A}.Release|x86.ActiveCfg = Release|Any CPU
		{832774E6-C155-4EC7-845B-F6CEB8548E7A}.Release|x86.Build.0 = Release|Any CPU
		{8C42B709-B3D1-4C68-A6D0-4A6F5FFBDE2C}.Debug|Any CPU.ActiveCfg = Debug|Any CPU
		{8C42B709-B3D1-4C68-A6D0-4A6F5FFBDE2C}.Debug|Any CPU.Build.0 = Debug|Any CPU
		{8C42B709-B3D1-4C68-A6D0-4A6F5FFBDE2C}.Debug|x64.ActiveCfg = Debug|Any CPU
		{8C42B709-B3D1-4C68-A6D0-4A6F5FFBDE2C}.Debug|x64.Build.0 = Debug|Any CPU
		{8C42B709-B3D1-4C68-A6D0-4A6F5FFBDE2C}.Debug|x86.ActiveCfg = Debug|Any CPU
		{8C42B709-B3D1-4C68-A6D0-4A6F5FFBDE2C}.Debug|x86.Build.0 = Debug|Any CPU
		{8C42B709-B3D1-4C68-A6D0-4A6F5FFBDE2C}.Release|Any CPU.ActiveCfg = Release|Any CPU
		{8C42B709-B3D1-4C68-A6D0-4A6F5FFBDE2C}.Release|Any CPU.Build.0 = Release|Any CPU
		{8C42B709-B3D1-4C68-A6D0-4A6F5FFBDE2C}.Release|x64.ActiveCfg = Release|Any CPU
		{8C42B709-B3D1-4C68-A6D0-4A6F5FFBDE2C}.Release|x64.Build.0 = Release|Any CPU
		{8C42B709-B3D1-4C68-A6D0-4A6F5FFBDE2C}.Release|x86.ActiveCfg = Release|Any CPU
		{8C42B709-B3D1-4C68-A6D0-4A6F5FFBDE2C}.Release|x86.Build.0 = Release|Any CPU
		{662F65E4-66F0-43E5-A932-6305953EA484}.Debug|Any CPU.ActiveCfg = Debug|Any CPU
		{662F65E4-66F0-43E5-A932-6305953EA484}.Debug|Any CPU.Build.0 = Debug|Any CPU
		{662F65E4-66F0-43E5-A932-6305953EA484}.Debug|x64.ActiveCfg = Debug|Any CPU
		{662F65E4-66F0-43E5-A932-6305953EA484}.Debug|x64.Build.0 = Debug|Any CPU
		{662F65E4-66F0-43E5-A932-6305953EA484}.Debug|x86.ActiveCfg = Debug|Any CPU
		{662F65E4-66F0-43E5-A932-6305953EA484}.Debug|x86.Build.0 = Debug|Any CPU
		{662F65E4-66F0-43E5-A932-6305953EA484}.Release|Any CPU.ActiveCfg = Release|Any CPU
		{662F65E4-66F0-43E5-A932-6305953EA484}.Release|Any CPU.Build.0 = Release|Any CPU
		{662F65E4-66F0-43E5-A932-6305953EA484}.Release|x64.ActiveCfg = Release|Any CPU
		{662F65E4-66F0-43E5-A932-6305953EA484}.Release|x64.Build.0 = Release|Any CPU
		{662F65E4-66F0-43E5-A932-6305953EA484}.Release|x86.ActiveCfg = Release|Any CPU
		{662F65E4-66F0-43E5-A932-6305953EA484}.Release|x86.Build.0 = Release|Any CPU
		{B198FAE2-4A92-405E-A108-A22DB4631B24}.Debug|Any CPU.ActiveCfg = Debug|Any CPU
		{B198FAE2-4A92-405E-A108-A22DB4631B24}.Debug|Any CPU.Build.0 = Debug|Any CPU
		{B198FAE2-4A92-405E-A108-A22DB4631B24}.Debug|x64.ActiveCfg = Debug|Any CPU
		{B198FAE2-4A92-405E-A108-A22DB4631B24}.Debug|x64.Build.0 = Debug|Any CPU
		{B198FAE2-4A92-405E-A108-A22DB4631B24}.Debug|x86.ActiveCfg = Debug|Any CPU
		{B198FAE2-4A92-405E-A108-A22DB4631B24}.Debug|x86.Build.0 = Debug|Any CPU
		{B198FAE2-4A92-405E-A108-A22DB4631B24}.Release|Any CPU.ActiveCfg = Release|Any CPU
		{B198FAE2-4A92-405E-A108-A22DB4631B24}.Release|Any CPU.Build.0 = Release|Any CPU
		{B198FAE2-4A92-405E-A108-A22DB4631B24}.Release|x64.ActiveCfg = Release|Any CPU
		{B198FAE2-4A92-405E-A108-A22DB4631B24}.Release|x64.Build.0 = Release|Any CPU
		{B198FAE2-4A92-405E-A108-A22DB4631B24}.Release|x86.ActiveCfg = Release|Any CPU
		{B198FAE2-4A92-405E-A108-A22DB4631B24}.Release|x86.Build.0 = Release|Any CPU
		{B3D2EFE7-6759-4CCB-B696-6DC6238191A6}.Debug|Any CPU.ActiveCfg = Debug|Any CPU
		{B3D2EFE7-6759-4CCB-B696-6DC6238191A6}.Debug|Any CPU.Build.0 = Debug|Any CPU
		{B3D2EFE7-6759-4CCB-B696-6DC6238191A6}.Debug|x64.ActiveCfg = Debug|Any CPU
		{B3D2EFE7-6759-4CCB-B696-6DC6238191A6}.Debug|x64.Build.0 = Debug|Any CPU
		{B3D2EFE7-6759-4CCB-B696-6DC6238191A6}.Debug|x86.ActiveCfg = Debug|Any CPU
		{B3D2EFE7-6759-4CCB-B696-6DC6238191A6}.Debug|x86.Build.0 = Debug|Any CPU
		{B3D2EFE7-6759-4CCB-B696-6DC6238191A6}.Release|Any CPU.ActiveCfg = Release|Any CPU
		{B3D2EFE7-6759-4CCB-B696-6DC6238191A6}.Release|Any CPU.Build.0 = Release|Any CPU
		{B3D2EFE7-6759-4CCB-B696-6DC6238191A6}.Release|x64.ActiveCfg = Release|Any CPU
		{B3D2EFE7-6759-4CCB-B696-6DC6238191A6}.Release|x64.Build.0 = Release|Any CPU
		{B3D2EFE7-6759-4CCB-B696-6DC6238191A6}.Release|x86.ActiveCfg = Release|Any CPU
		{B3D2EFE7-6759-4CCB-B696-6DC6238191A6}.Release|x86.Build.0 = Release|Any CPU
		{4C80AF3A-7335-42CE-AE60-E53DB98E3867}.Debug|Any CPU.ActiveCfg = Debug|Any CPU
		{4C80AF3A-7335-42CE-AE60-E53DB98E3867}.Debug|Any CPU.Build.0 = Debug|Any CPU
		{4C80AF3A-7335-42CE-AE60-E53DB98E3867}.Debug|x64.ActiveCfg = Debug|Any CPU
		{4C80AF3A-7335-42CE-AE60-E53DB98E3867}.Debug|x64.Build.0 = Debug|Any CPU
		{4C80AF3A-7335-42CE-AE60-E53DB98E3867}.Debug|x86.ActiveCfg = Debug|Any CPU
		{4C80AF3A-7335-42CE-AE60-E53DB98E3867}.Debug|x86.Build.0 = Debug|Any CPU
		{4C80AF3A-7335-42CE-AE60-E53DB98E3867}.Release|Any CPU.ActiveCfg = Release|Any CPU
		{4C80AF3A-7335-42CE-AE60-E53DB98E3867}.Release|Any CPU.Build.0 = Release|Any CPU
		{4C80AF3A-7335-42CE-AE60-E53DB98E3867}.Release|x64.ActiveCfg = Release|Any CPU
		{4C80AF3A-7335-42CE-AE60-E53DB98E3867}.Release|x64.Build.0 = Release|Any CPU
		{4C80AF3A-7335-42CE-AE60-E53DB98E3867}.Release|x86.ActiveCfg = Release|Any CPU
		{4C80AF3A-7335-42CE-AE60-E53DB98E3867}.Release|x86.Build.0 = Release|Any CPU
	EndGlobalSection
	GlobalSection(SolutionProperties) = preSolution
		HideSolutionNode = FALSE
	EndGlobalSection
	GlobalSection(NestedProjects) = preSolution
		{832774E6-C155-4EC7-845B-F6CEB8548E7A} = {2074F1B8-65E6-4C31-8D58-5491EA3858DE}
		{8C42B709-B3D1-4C68-A6D0-4A6F5FFBDE2C} = {5463A79E-9D1A-4562-B4BA-42C4B24C528D}
		{662F65E4-66F0-43E5-A932-6305953EA484} = {A802B264-8576-4D27-A3C5-A59969B293B8}
		{B198FAE2-4A92-405E-A108-A22DB4631B24} = {78098EC1-AC94-4CFC-BCF2-9EC08A5E5F4B}
		{B3D2EFE7-6759-4CCB-B696-6DC6238191A6} = {D28EC95A-EAE6-438F-B236-FE15EE5FBE15}
		{4C80AF3A-7335-42CE-AE60-E53DB98E3867} = {6851038A-D7D8-403C-93EB-A5381ABF0A05}
		{6851038A-D7D8-403C-93EB-A5381ABF0A05} = {52FB9312-08A7-4CE8-835B-187A09A68B3C}
		{D28EC95A-EAE6-438F-B236-FE15EE5FBE15} = {52FB9312-08A7-4CE8-835B-187A09A68B3C}
	EndGlobalSection
	GlobalSection(ExtensibilityGlobals) = postSolution
		SolutionGuid = {7BBAB554-BA4E-4148-A9C6-367442988338}
	EndGlobalSection
EndGlobal
