
Microsoft Visual Studio Solution File, Format Version 12.00
# Visual Studio Version 18
VisualStudioVersion = 18.0.11123.170
MinimumVisualStudioVersion = 10.0.40219.1
Project("{FAE04EC0-301F-11D3-BF4B-00C04F79EFBC}") = "FoodManager.Catalog.Application", "FoodManager.Catalog.Application\FoodManager.Catalog.Application.csproj", "{5A5C4EF8-69AC-42C1-B9C8-B8FA3E9321E6}"
EndProject
Project("{FAE04EC0-301F-11D3-BF4B-00C04F79EFBC}") = "FoodManager.Catalog.CrossCutting", "FoodManager.Catalog.CrossCutting\FoodManager.Catalog.CrossCutting.csproj", "{28817793-C0D6-4313-9157-022D9298F703}"
EndProject
Project("{FAE04EC0-301F-11D3-BF4B-00C04F79EFBC}") = "FoodManager.Catalog.Domain", "FoodManager.Catalog.Domain\FoodManager.Catalog.Domain.csproj", "{A3081B09-776A-4B4C-A052-2251B172C862}"
EndProject
Project("{FAE04EC0-301F-11D3-BF4B-00C04F79EFBC}") = "FoodManager.Catalog.Infrastructure", "FoodManager.Catalog.Infrastructure\FoodManager.Catalog.Infrastructure.csproj", "{C93BF041-78D7-4D97-8E30-ED4FB626DD51}"
EndProject
Project("{FAE04EC0-301F-11D3-BF4B-00C04F79EFBC}") = "FoodManager.Catalog.WebApi", "FoodManager.Catalog.WebApi\FoodManager.Catalog.WebApi.csproj", "{847BFE08-58CB-4710-A8BB-0287E9B880D2}"
EndProject
Project("{FAE04EC0-301F-11D3-BF4B-00C04F79EFBC}") = "UnitTests", "..\tests\UnitTests\UnitTests.csproj", "{F5AECE1C-AC85-4973-A2C0-FAC005F13160}"
EndProject
Project("{2150E333-8FDC-42A3-9474-1A3956D46DE8}") = "Core", "Core", "{7BCD00AD-3330-4224-90E3-50B28B90AD13}"
EndProject
Project("{2150E333-8FDC-42A3-9474-1A3956D46DE8}") = "Adapters", "Adapters", "{FC28BD17-EB1B-46C6-A842-130B17C20BCA}"
EndProject
Project("{2150E333-8FDC-42A3-9474-1A3956D46DE8}") = "IoC", "IoC", "{CCA372D6-047C-472C-9F89-A1A64AAC10D7}"
EndProject
Project("{2150E333-8FDC-42A3-9474-1A3956D46DE8}") = "Tests", "Tests", "{EA3FC31B-28D2-4F18-BC9A-B42F444D04FA}"
EndProject
Project("{2150E333-8FDC-42A3-9474-1A3956D46DE8}") = "Input", "Input", "{C07945FC-F05A-4AD8-AC18-9EC0D6CBED15}"
EndProject
Project("{2150E333-8FDC-42A3-9474-1A3956D46DE8}") = "Output", "Output", "{08B6DF9C-D406-4C8C-8D8C-44D8E2843711}"
EndProject
Project("{2150E333-8FDC-42A3-9474-1A3956D46DE8}") = "Ports", "Ports", "{CDF47A68-BF7E-4DE3-A7D7-517788B1BB10}"
EndProject
Global
	GlobalSection(SolutionConfigurationPlatforms) = preSolution
		Debug|Any CPU = Debug|Any CPU
		Debug|x64 = Debug|x64
		Debug|x86 = Debug|x86
		Release|Any CPU = Release|Any CPU
		Release|x64 = Release|x64
		Release|x86 = Release|x86
	EndGlobalSection
	GlobalSection(ProjectConfigurationPlatforms) = postSolution
		{5A5C4EF8-69AC-42C1-B9C8-B8FA3E9321E6}.Debug|Any CPU.ActiveCfg = Debug|Any CPU
		{5A5C4EF8-69AC-42C1-B9C8-B8FA3E9321E6}.Debug|Any CPU.Build.0 = Debug|Any CPU
		{5A5C4EF8-69AC-42C1-B9C8-B8FA3E9321E6}.Debug|x64.ActiveCfg = Debug|Any CPU
		{5A5C4EF8-69AC-42C1-B9C8-B8FA3E9321E6}.Debug|x64.Build.0 = Debug|Any CPU
		{5A5C4EF8-69AC-42C1-B9C8-B8FA3E9321E6}.Debug|x86.ActiveCfg = Debug|Any CPU
		{5A5C4EF8-69AC-42C1-B9C8-B8FA3E9321E6}.Debug|x86.Build.0 = Debug|Any CPU
		{5A5C4EF8-69AC-42C1-B9C8-B8FA3E9321E6}.Release|Any CPU.ActiveCfg = Release|Any CPU
		{5A5C4EF8-69AC-42C1-B9C8-B8FA3E9321E6}.Release|Any CPU.Build.0 = Release|Any CPU
		{5A5C4EF8-69AC-42C1-B9C8-B8FA3E9321E6}.Release|x64.ActiveCfg = Release|Any CPU
		{5A5C4EF8-69AC-42C1-B9C8-B8FA3E9321E6}.Release|x64.Build.0 = Release|Any CPU
		{5A5C4EF8-69AC-42C1-B9C8-B8FA3E9321E6}.Release|x86.ActiveCfg = Release|Any CPU
		{5A5C4EF8-69AC-42C1-B9C8-B8FA3E9321E6}.Release|x86.Build.0 = Release|Any CPU
		{28817793-C0D6-4313-9157-022D9298F703}.Debug|Any CPU.ActiveCfg = Debug|Any CPU
		{28817793-C0D6-4313-9157-022D9298F703}.Debug|Any CPU.Build.0 = Debug|Any CPU
		{28817793-C0D6-4313-9157-022D9298F703}.Debug|x64.ActiveCfg = Debug|Any CPU
		{28817793-C0D6-4313-9157-022D9298F703}.Debug|x64.Build.0 = Debug|Any CPU
		{28817793-C0D6-4313-9157-022D9298F703}.Debug|x86.ActiveCfg = Debug|Any CPU
		{28817793-C0D6-4313-9157-022D9298F703}.Debug|x86.Build.0 = Debug|Any CPU
		{28817793-C0D6-4313-9157-022D9298F703}.Release|Any CPU.ActiveCfg = Release|Any CPU
		{28817793-C0D6-4313-9157-022D9298F703}.Release|Any CPU.Build.0 = Release|Any CPU
		{28817793-C0D6-4313-9157-022D9298F703}.Release|x64.ActiveCfg = Release|Any CPU
		{28817793-C0D6-4313-9157-022D9298F703}.Release|x64.Build.0 = Release|Any CPU
		{28817793-C0D6-4313-9157-022D9298F703}.Release|x86.ActiveCfg = Release|Any CPU
		{28817793-C0D6-4313-9157-022D9298F703}.Release|x86.Build.0 = Release|Any CPU
		{A3081B09-776A-4B4C-A052-2251B172C862}.Debug|Any CPU.ActiveCfg = Debug|Any CPU
		{A3081B09-776A-4B4C-A052-2251B172C862}.Debug|Any CPU.Build.0 = Debug|Any CPU
		{A3081B09-776A-4B4C-A052-2251B172C862}.Debug|x64.ActiveCfg = Debug|Any CPU
		{A3081B09-776A-4B4C-A052-2251B172C862}.Debug|x64.Build.0 = Debug|Any CPU
		{A3081B09-776A-4B4C-A052-2251B172C862}.Debug|x86.ActiveCfg = Debug|Any CPU
		{A3081B09-776A-4B4C-A052-2251B172C862}.Debug|x86.Build.0 = Debug|Any CPU
		{A3081B09-776A-4B4C-A052-2251B172C862}.Release|Any CPU.ActiveCfg = Release|Any CPU
		{A3081B09-776A-4B4C-A052-2251B172C862}.Release|Any CPU.Build.0 = Release|Any CPU
		{A3081B09-776A-4B4C-A052-2251B172C862}.Release|x64.ActiveCfg = Release|Any CPU
		{A3081B09-776A-4B4C-A052-2251B172C862}.Release|x64.Build.0 = Release|Any CPU
		{A3081B09-776A-4B4C-A052-2251B172C862}.Release|x86.ActiveCfg = Release|Any CPU
		{A3081B09-776A-4B4C-A052-2251B172C862}.Release|x86.Build.0 = Release|Any CPU
		{C93BF041-78D7-4D97-8E30-ED4FB626DD51}.Debug|Any CPU.ActiveCfg = Debug|Any CPU
		{C93BF041-78D7-4D97-8E30-ED4FB626DD51}.Debug|Any CPU.Build.0 = Debug|Any CPU
		{C93BF041-78D7-4D97-8E30-ED4FB626DD51}.Debug|x64.ActiveCfg = Debug|Any CPU
		{C93BF041-78D7-4D97-8E30-ED4FB626DD51}.Debug|x64.Build.0 = Debug|Any CPU
		{C93BF041-78D7-4D97-8E30-ED4FB626DD51}.Debug|x86.ActiveCfg = Debug|Any CPU
		{C93BF041-78D7-4D97-8E30-ED4FB626DD51}.Debug|x86.Build.0 = Debug|Any CPU
		{C93BF041-78D7-4D97-8E30-ED4FB626DD51}.Release|Any CPU.ActiveCfg = Release|Any CPU
		{C93BF041-78D7-4D97-8E30-ED4FB626DD51}.Release|Any CPU.Build.0 = Release|Any CPU
		{C93BF041-78D7-4D97-8E30-ED4FB626DD51}.Release|x64.ActiveCfg = Release|Any CPU
		{C93BF041-78D7-4D97-8E30-ED4FB626DD51}.Release|x64.Build.0 = Release|Any CPU
		{C93BF041-78D7-4D97-8E30-ED4FB626DD51}.Release|x86.ActiveCfg = Release|Any CPU
		{C93BF041-78D7-4D97-8E30-ED4FB626DD51}.Release|x86.Build.0 = Release|Any CPU
		{847BFE08-58CB-4710-A8BB-0287E9B880D2}.Debug|Any CPU.ActiveCfg = Debug|Any CPU
		{847BFE08-58CB-4710-A8BB-0287E9B880D2}.Debug|Any CPU.Build.0 = Debug|Any CPU
		{847BFE08-58CB-4710-A8BB-0287E9B880D2}.Debug|x64.ActiveCfg = Debug|Any CPU
		{847BFE08-58CB-4710-A8BB-0287E9B880D2}.Debug|x64.Build.0 = Debug|Any CPU
		{847BFE08-58CB-4710-A8BB-0287E9B880D2}.Debug|x86.ActiveCfg = Debug|Any CPU
		{847BFE08-58CB-4710-A8BB-0287E9B880D2}.Debug|x86.Build.0 = Debug|Any CPU
		{847BFE08-58CB-4710-A8BB-0287E9B880D2}.Release|Any CPU.ActiveCfg = Release|Any CPU
		{847BFE08-58CB-4710-A8BB-0287E9B880D2}.Release|Any CPU.Build.0 = Release|Any CPU
		{847BFE08-58CB-4710-A8BB-0287E9B880D2}.Release|x64.ActiveCfg = Release|Any CPU
		{847BFE08-58CB-4710-A8BB-0287E9B880D2}.Release|x64.Build.0 = Release|Any CPU
		{847BFE08-58CB-4710-A8BB-0287E9B880D2}.Release|x86.ActiveCfg = Release|Any CPU
		{847BFE08-58CB-4710-A8BB-0287E9B880D2}.Release|x86.Build.0 = Release|Any CPU
		{F5AECE1C-AC85-4973-A2C0-FAC005F13160}.Debug|Any CPU.ActiveCfg = Debug|Any CPU
		{F5AECE1C-AC85-4973-A2C0-FAC005F13160}.Debug|Any CPU.Build.0 = Debug|Any CPU
		{F5AECE1C-AC85-4973-A2C0-FAC005F13160}.Debug|x64.ActiveCfg = Debug|Any CPU
		{F5AECE1C-AC85-4973-A2C0-FAC005F13160}.Debug|x64.Build.0 = Debug|Any CPU
		{F5AECE1C-AC85-4973-A2C0-FAC005F13160}.Debug|x86.ActiveCfg = Debug|Any CPU
		{F5AECE1C-AC85-4973-A2C0-FAC005F13160}.Debug|x86.Build.0 = Debug|Any CPU
		{F5AECE1C-AC85-4973-A2C0-FAC005F13160}.Release|Any CPU.ActiveCfg = Release|Any CPU
		{F5AECE1C-AC85-4973-A2C0-FAC005F13160}.Release|Any CPU.Build.0 = Release|Any CPU
		{F5AECE1C-AC85-4973-A2C0-FAC005F13160}.Release|x64.ActiveCfg = Release|Any CPU
		{F5AECE1C-AC85-4973-A2C0-FAC005F13160}.Release|x64.Build.0 = Release|Any CPU
		{F5AECE1C-AC85-4973-A2C0-FAC005F13160}.Release|x86.ActiveCfg = Release|Any CPU
		{F5AECE1C-AC85-4973-A2C0-FAC005F13160}.Release|x86.Build.0 = Release|Any CPU
	EndGlobalSection
	GlobalSection(SolutionProperties) = preSolution
		HideSolutionNode = FALSE
	EndGlobalSection
	GlobalSection(NestedProjects) = preSolution
		{5A5C4EF8-69AC-42C1-B9C8-B8FA3E9321E6} = {CDF47A68-BF7E-4DE3-A7D7-517788B1BB10}
		{28817793-C0D6-4313-9157-022D9298F703} = {CCA372D6-047C-472C-9F89-A1A64AAC10D7}
		{A3081B09-776A-4B4C-A052-2251B172C862} = {7BCD00AD-3330-4224-90E3-50B28B90AD13}
		{C93BF041-78D7-4D97-8E30-ED4FB626DD51} = {08B6DF9C-D406-4C8C-8D8C-44D8E2843711}
		{847BFE08-58CB-4710-A8BB-0287E9B880D2} = {C07945FC-F05A-4AD8-AC18-9EC0D6CBED15}
		{F5AECE1C-AC85-4973-A2C0-FAC005F13160} = {EA3FC31B-28D2-4F18-BC9A-B42F444D04FA}
		{C07945FC-F05A-4AD8-AC18-9EC0D6CBED15} = {FC28BD17-EB1B-46C6-A842-130B17C20BCA}
		{08B6DF9C-D406-4C8C-8D8C-44D8E2843711} = {FC28BD17-EB1B-46C6-A842-130B17C20BCA}
	EndGlobalSection
	GlobalSection(ExtensibilityGlobals) = postSolution
		SolutionGuid = {7BBAB554-BA4E-4148-A9C6-367442988338}
	EndGlobalSection
EndGlobal
